
Microsoft Visual Studio Solution File, Format Version 12.00
# Visual Studio Version 17
VisualStudioVersion = 17.4.33213.308
MinimumVisualStudioVersion = 10.0.40219.1
Project("{FAE04EC0-301F-11D3-BF4B-00C04F79EFBC}") = "ControlDePagos", "ControlDePagos\ControlDePagos.csproj", "{D2645F1D-3CBF-4344-8CC0-96EC2122E880}"
EndProject
Project("{FAE04EC0-301F-11D3-BF4B-00C04F79EFBC}") = "LibreriaPagos", "LibreriaPagos\LibreriaPagos.csproj", "{EC98A99C-0635-436F-AD15-CBA3F5E9ADF9}"
EndProject
Project("{FAE04EC0-301F-11D3-BF4B-00C04F79EFBC}") = "ApiPagos", "ApiPagos\ApiPagos.csproj", "{70F3F163-6425-4173-8ADA-02C90CE1A962}"
EndProject
Global
	GlobalSection(SolutionConfigurationPlatforms) = preSolution
		Debug|Any CPU = Debug|Any CPU
		Release|Any CPU = Release|Any CPU
	EndGlobalSection
	GlobalSection(ProjectConfigurationPlatforms) = postSolution
		{D2645F1D-3CBF-4344-8CC0-96EC2122E880}.Debug|Any CPU.ActiveCfg = Debug|Any CPU
		{D2645F1D-3CBF-4344-8CC0-96EC2122E880}.Debug|Any CPU.Build.0 = Debug|Any CPU
		{D2645F1D-3CBF-4344-8CC0-96EC2122E880}.Release|Any CPU.ActiveCfg = Release|Any CPU
		{D2645F1D-3CBF-4344-8CC0-96EC2122E880}.Release|Any CPU.Build.0 = Release|Any CPU
		{EC98A99C-0635-436F-AD15-CBA3F5E9ADF9}.Debug|Any CPU.ActiveCfg = Debug|Any CPU
		{EC98A99C-0635-436F-AD15-CBA3F5E9ADF9}.Debug|Any CPU.Build.0 = Debug|Any CPU
		{EC98A99C-0635-436F-AD15-CBA3F5E9ADF9}.Release|Any CPU.ActiveCfg = Release|Any CPU
		{EC98A99C-0635-436F-AD15-CBA3F5E9ADF9}.Release|Any CPU.Build.0 = Release|Any CPU
		{70F3F163-6425-4173-8ADA-02C90CE1A962}.Debug|Any CPU.ActiveCfg = Debug|Any CPU
		{70F3F163-6425-4173-8ADA-02C90CE1A962}.Debug|Any CPU.Build.0 = Debug|Any CPU
		{70F3F163-6425-4173-8ADA-02C90CE1A962}.Release|Any CPU.ActiveCfg = Release|Any CPU
		{70F3F163-6425-4173-8ADA-02C90CE1A962}.Release|Any CPU.Build.0 = Release|Any CPU
	EndGlobalSection
	GlobalSection(SolutionProperties) = preSolution
		HideSolutionNode = FALSE
	EndGlobalSection
	GlobalSection(ExtensibilityGlobals) = postSolution
		SolutionGuid = {783F8440-22F5-4684-A93D-A062035045EC}
	EndGlobalSection
EndGlobal
